<?xml version="1.0" encoding="utf-8"?>
<Project ToolsVersion="4.0" xmlns="http://schemas.microsoft.com/developer/msbuild/2003">
  <ItemGroup>
    <Filter Include="Source Files">
      <UniqueIdentifier>{4FC737F1-C7A5-4376-A066-2A32D752A2FF}</UniqueIdentifier>
      <Extensions>cpp;c;cc;cxx;c++;cppm;ixx;def;odl;idl;hpj;bat;asm;asmx</Extensions>
    </Filter>
    <Filter Include="Header Files">
      <UniqueIdentifier>{93995380-89BD-4b04-88EB-625FBE52EBFB}</UniqueIdentifier>
      <Extensions>h;hh;hpp;hxx;h++;hm;inl;inc;ipp;xsd</Extensions>
    </Filter>
    <Filter Include="Resources">
      <UniqueIdentifier>{8e6c541d-5c1a-41b5-b62b-f0fe08d68e22}</UniqueIdentifier>
    </Filter>
  </ItemGroup>
  <ItemGroup>
    <ClInclude Include="Date\Date.h">
      <Filter>Header Files</Filter>
    </ClInclude>
    <ClInclude Include="Doubly_Linked_List\Doubly_Linked_List.h">
      <Filter>Header Files</Filter>
    </ClInclude>
    <ClInclude Include="Doubly_Linked_List\Node.h">
      <Filter>Header Files</Filter>
    </ClInclude>
    <ClInclude Include="Graphics\Khoi_tao.h">
      <Filter>Header Files</Filter>
    </ClInclude>
    <ClInclude Include="Graphics\console.h">
      <Filter>Header Files</Filter>
    </ClInclude>
    <ClInclude Include="Management\Management.h">
      <Filter>Header Files</Filter>
    </ClInclude>
    <ClInclude Include="Profile_Management\Management_Profile.h">
      <Filter>Header Files</Filter>
    </ClInclude>
    <ClInclude Include="Profile_Management\Admission_Profile\Admission_Profile.h">
      <Filter>Header Files</Filter>
    </ClInclude>
    <ClInclude Include="Profile_Management\Residency_Profile\Residency_Profile.h">
      <Filter>Header Files</Filter>
    </ClInclude>
    <ClInclude Include="Room_Management\Management_Room.h">
      <Filter>Header Files</Filter>
    </ClInclude>
    <ClInclude Include="Room_Management\Room\Room.h">
      <Filter>Header Files</Filter>
    </ClInclude>
    <ClInclude Include="Student_Management\Management_Student.h">
      <Filter>Header Files</Filter>
    </ClInclude>
    <ClInclude Include="Student_Management\Student\Student.h">
      <Filter>Header Files</Filter>
    </ClInclude>
    <ClInclude Include="Thong_Ke\Thong_Ke.h">
      <Filter>Header Files</Filter>
    </ClInclude>
    <ClInclude Include="Data\Resource\resource.h">
      <Filter>Header Files</Filter>
    </ClInclude>
  </ItemGroup>
  <ItemGroup>
    <ClCompile Include="Thong_Ke\Thong_Ke.cpp">
      <Filter>Source Files</Filter>
    </ClCompile>
    <ClCompile Include="Student_Management\Management_Student.cpp">
      <Filter>Source Files</Filter>
    </ClCompile>
    <ClCompile Include="Student_Management\Student\Student.cpp">
      <Filter>Source Files</Filter>
    </ClCompile>
    <ClCompile Include="Room_Management\Management_Room.cpp">
      <Filter>Source Files</Filter>
    </ClCompile>
    <ClCompile Include="Room_Management\Room\Room.cpp">
      <Filter>Source Files</Filter>
    </ClCompile>
    <ClCompile Include="Profile_Management\Management_Profile.cpp">
      <Filter>Source Files</Filter>
    </ClCompile>
    <ClCompile Include="Profile_Management\Residency_Profile\Residency_Profile.cpp">
      <Filter>Source Files</Filter>
    </ClCompile>
    <ClCompile Include="Profile_Management\Admission_Profile\Admission_Profile.cpp">
      <Filter>Source Files</Filter>
    </ClCompile>
    <ClCompile Include="Management\Management.cpp">
      <Filter>Source Files</Filter>
    </ClCompile>
    <ClCompile Include="Management\Management_Dormitory.cpp">
      <Filter>Source Files</Filter>
    </ClCompile>
    <ClCompile Include="Graphics\console.cpp">
      <Filter>Source Files</Filter>
    </ClCompile>
    <ClCompile Include="Graphics\Khoi_tao.cpp">
      <Filter>Source Files</Filter>
    </ClCompile>
  </ItemGroup>
  <ItemGroup>
    <Text Include="Data\Txt\Admission_Profile.txt">
      <Filter>Resources</Filter>
    </Text>
    <Text Include="Data\Txt\introduction.txt">
      <Filter>Resources</Filter>
    </Text>
    <Text Include="Data\Txt\Room.txt">
      <Filter>Resources</Filter>
    </Text>
    <Text Include="Data\Txt\Student.txt">
      <Filter>Resources</Filter>
    </Text>
  </ItemGroup>
  <ItemGroup>
    <ResourceCompile Include="Data\Resource\Resource.rc">
      <Filter>Source Files</Filter>
    </ResourceCompile>
  </ItemGroup>
</Project>